// !$*UTF8*$!
{
	archiveVersion = 1;
	classes = {
	};
	objectVersion = 46;
	objects = {

/* Begin PBXBuildFile section */
		D80DF8C0156637E300488A0D /* SearchCriterium.m in Sources */ = {isa = PBXBuildFile; fileRef = D80DF8BF156637E300488A0D /* SearchCriterium.m */; };
		D80DF8C415663ACC00488A0D /* PredicateViewController.m in Sources */ = {isa = PBXBuildFile; fileRef = D80DF8C315663ACB00488A0D /* PredicateViewController.m */; };
		D80DF8C615663AF100488A0D /* PredicateViewController.xib in Resources */ = {isa = PBXBuildFile; fileRef = D80DF8C515663AF100488A0D /* PredicateViewController.xib */; };
		D80DF8D115664CEB00488A0D /* CommonName.m in Sources */ = {isa = PBXBuildFile; fileRef = D80DF8D015664CEB00488A0D /* CommonName.m */; };
		D80DF8D415664D0400488A0D /* Fish.m in Sources */ = {isa = PBXBuildFile; fileRef = D80DF8D315664D0400488A0D /* Fish.m */; };
		D80DF8D715664D1C00488A0D /* GenderValues.m in Sources */ = {isa = PBXBuildFile; fileRef = D80DF8D615664D1C00488A0D /* GenderValues.m */; };
		D80DF8DA15664D3500488A0D /* LifeValues.m in Sources */ = {isa = PBXBuildFile; fileRef = D80DF8D915664D3500488A0D /* LifeValues.m */; };
		D80DF8DD15664D4600488A0D /* Localization.m in Sources */ = {isa = PBXBuildFile; fileRef = D80DF8DC15664D4600488A0D /* Localization.m */; };
		D80DF8E015664D5900488A0D /* Medium.m in Sources */ = {isa = PBXBuildFile; fileRef = D80DF8DF15664D5900488A0D /* Medium.m */; };
		D80DF8E315664DAB00488A0D /* GenericManagedObject.m in Sources */ = {isa = PBXBuildFile; fileRef = D80DF8E215664DAA00488A0D /* GenericManagedObject.m */; };
		D80DF8E6156653D300488A0D /* Localizable.strings in Resources */ = {isa = PBXBuildFile; fileRef = D80DF8E8156653D300488A0D /* Localizable.strings */; };
		D80DF8F21566552D00488A0D /* NetworkIndicatorController.m in Sources */ = {isa = PBXBuildFile; fileRef = D80DF8EF1566552D00488A0D /* NetworkIndicatorController.m */; };
		D80DF8F31566552D00488A0D /* RoundedCornerView.m in Sources */ = {isa = PBXBuildFile; fileRef = D80DF8F11566552D00488A0D /* RoundedCornerView.m */; };
		D80DF8F61566555900488A0D /* NetworkIndicatorController.xib in Resources */ = {isa = PBXBuildFile; fileRef = D80DF8F51566555900488A0D /* NetworkIndicatorController.xib */; };
		D80DF8FA156655FD00488A0D /* DataController.m in Sources */ = {isa = PBXBuildFile; fileRef = D80DF8F9156655FD00488A0D /* DataController.m */; };
		D80DF8FB156658EC00488A0D /* poissons-aquarium.xml in Resources */ = {isa = PBXBuildFile; fileRef = D8B919AF155BE0070029B555 /* poissons-aquarium.xml */; };
		D80DF8FE1566627200488A0D /* NSString+Additions.m in Sources */ = {isa = PBXBuildFile; fileRef = D80DF8FD1566627200488A0D /* NSString+Additions.m */; };
		D839F221157CAD90008B38F2 /* MainWindow-iPhone.xib in Resources */ = {isa = PBXBuildFile; fileRef = D839F220157CAD90008B38F2 /* MainWindow-iPhone.xib */; };
		D839F22E157CB44A008B38F2 /* ComboboxController.m in Sources */ = {isa = PBXBuildFile; fileRef = D839F22D157CB44A008B38F2 /* ComboboxController.m */; };
		D839F232157CB472008B38F2 /* ComboboxController.xib in Resources */ = {isa = PBXBuildFile; fileRef = D839F231157CB472008B38F2 /* ComboboxController.xib */; };
		D85C254D1585CEF500F83927 /* AquaBase_iPhone.storyboard in Resources */ = {isa = PBXBuildFile; fileRef = D85C254C1585CEF500F83927 /* AquaBase_iPhone.storyboard */; };
		D85C25501585CF0C00F83927 /* AquaBase_iPad.storyboard in Resources */ = {isa = PBXBuildFile; fileRef = D85C254F1585CF0C00F83927 /* AquaBase_iPad.storyboard */; };
		D85E747B156A3389005E6ABA /* LifeValuesCell.m in Sources */ = {isa = PBXBuildFile; fileRef = D85E747A156A3389005E6ABA /* LifeValuesCell.m */; };
		D85E747F156A33A9005E6ABA /* LifeValuesCell.xib in Resources */ = {isa = PBXBuildFile; fileRef = D85E747E156A33A9005E6ABA /* LifeValuesCell.xib */; };
		D85E7482156A4256005E6ABA /* LongTextCell.m in Sources */ = {isa = PBXBuildFile; fileRef = D85E7481156A4256005E6ABA /* LongTextCell.m */; };
		D85E7485156A4277005E6ABA /* LongTextCell.xib in Resources */ = {isa = PBXBuildFile; fileRef = D85E7484156A4277005E6ABA /* LongTextCell.xib */; };
		D85E748E156A4840005E6ABA /* UILabel+Multiline.m in Sources */ = {isa = PBXBuildFile; fileRef = D85E748D156A4840005E6ABA /* UILabel+Multiline.m */; };
		D85F09EF15666AEB0093941F /* NSManagedObjectContext+Additions.m in Sources */ = {isa = PBXBuildFile; fileRef = D85F09EE15666AEB0093941F /* NSManagedObjectContext+Additions.m */; };
		D85F09FD156670150093941F /* Fish-mapping.plist in Resources */ = {isa = PBXBuildFile; fileRef = D85F09FC156670150093941F /* Fish-mapping.plist */; };
		D85F0A281566A5330093941F /* XmlParsingOperation.m in Sources */ = {isa = PBXBuildFile; fileRef = D85F0A271566A5330093941F /* XmlParsingOperation.m */; };
		D882AFE0155C051D0029F188 /* SearchViewController.m in Sources */ = {isa = PBXBuildFile; fileRef = D882AFDF155C051D0029F188 /* SearchViewController.m */; };
		D882AFE9155C0B180029F188 /* SearchViewControllerCell.m in Sources */ = {isa = PBXBuildFile; fileRef = D882AFE8155C0B180029F188 /* SearchViewControllerCell.m */; };
		D882AFEC155C0B3D0029F188 /* SearchViewControllerCell.xib in Resources */ = {isa = PBXBuildFile; fileRef = D882AFEB155C0B3D0029F188 /* SearchViewControllerCell.xib */; };
		D8B91951155BDC140029B555 /* UIKit.framework in Frameworks */ = {isa = PBXBuildFile; fileRef = D8B91950155BDC140029B555 /* UIKit.framework */; };
		D8B91953155BDC140029B555 /* Foundation.framework in Frameworks */ = {isa = PBXBuildFile; fileRef = D8B91952155BDC140029B555 /* Foundation.framework */; };
		D8B91955155BDC140029B555 /* CoreGraphics.framework in Frameworks */ = {isa = PBXBuildFile; fileRef = D8B91954155BDC140029B555 /* CoreGraphics.framework */; };
		D8B91957155BDC140029B555 /* CoreData.framework in Frameworks */ = {isa = PBXBuildFile; fileRef = D8B91956155BDC140029B555 /* CoreData.framework */; };
		D8B9195D155BDC140029B555 /* InfoPlist.strings in Resources */ = {isa = PBXBuildFile; fileRef = D8B9195B155BDC140029B555 /* InfoPlist.strings */; };
		D8B9195F155BDC140029B555 /* main.m in Sources */ = {isa = PBXBuildFile; fileRef = D8B9195E155BDC140029B555 /* main.m */; };
		D8B91963155BDC140029B555 /* AppDelegate.m in Sources */ = {isa = PBXBuildFile; fileRef = D8B91962155BDC140029B555 /* AppDelegate.m */; };
		D8B91966155BDC140029B555 /* AquaBase.xcdatamodeld in Sources */ = {isa = PBXBuildFile; fileRef = D8B91964155BDC140029B555 /* AquaBase.xcdatamodeld */; };
		D8B91969155BDC140029B555 /* MasterViewController.m in Sources */ = {isa = PBXBuildFile; fileRef = D8B91968155BDC140029B555 /* MasterViewController.m */; };
		D8B9196C155BDC140029B555 /* DetailViewController.m in Sources */ = {isa = PBXBuildFile; fileRef = D8B9196B155BDC140029B555 /* DetailViewController.m */; };
		D8B91985155BDCC60029B555 /* UIKit.framework in Frameworks */ = {isa = PBXBuildFile; fileRef = D8B91950155BDC140029B555 /* UIKit.framework */; };
		D8B91986155BDCC60029B555 /* Foundation.framework in Frameworks */ = {isa = PBXBuildFile; fileRef = D8B91952155BDC140029B555 /* Foundation.framework */; };
		D8B91987155BDCC60029B555 /* CoreGraphics.framework in Frameworks */ = {isa = PBXBuildFile; fileRef = D8B91954155BDC140029B555 /* CoreGraphics.framework */; };
		D8B9198D155BDCC60029B555 /* InfoPlist.strings in Resources */ = {isa = PBXBuildFile; fileRef = D8B9198B155BDCC60029B555 /* InfoPlist.strings */; };
		D8B919A8155BDED20029B555 /* GHUnitIOS.framework in Frameworks */ = {isa = PBXBuildFile; fileRef = D8B919A7155BDED20029B555 /* GHUnitIOS.framework */; };
		D8B919AB155BDF140029B555 /* XMLParserTest.m in Sources */ = {isa = PBXBuildFile; fileRef = D8B919AA155BDF140029B555 /* XMLParserTest.m */; };
		D8B919B0155BE0070029B555 /* poissons-aquarium.xml in Resources */ = {isa = PBXBuildFile; fileRef = D8B919AF155BE0070029B555 /* poissons-aquarium.xml */; };
		D8B919B1155BE0330029B555 /* AquaBase.xcdatamodeld in Sources */ = {isa = PBXBuildFile; fileRef = D8B91964155BDC140029B555 /* AquaBase.xcdatamodeld */; };
		D8B919B4155BE0D20029B555 /* AquaBaseTestsAppDelegate.m in Sources */ = {isa = PBXBuildFile; fileRef = D8B919B3155BE0D20029B555 /* AquaBaseTestsAppDelegate.m */; };
		D8B919B5155BE1A00029B555 /* CoreData.framework in Frameworks */ = {isa = PBXBuildFile; fileRef = D8B91956155BDC140029B555 /* CoreData.framework */; };
		D8B919BC155BE3970029B555 /* MainWindow-iPad.xib in Resources */ = {isa = PBXBuildFile; fileRef = D8B919BB155BE3970029B555 /* MainWindow-iPad.xib */; };
		D8B919BE155BE7D70029B555 /* GHUnitIOSTestMain.m in Sources */ = {isa = PBXBuildFile; fileRef = D8B919BD155BE7D70029B555 /* GHUnitIOSTestMain.m */; };
		D8B919C8155BE9CB0029B555 /* StreamController.m in Sources */ = {isa = PBXBuildFile; fileRef = D8B919C7155BE9CB0029B555 /* StreamController.m */; };
		D8B919C9155BE9CB0029B555 /* StreamController.m in Sources */ = {isa = PBXBuildFile; fileRef = D8B919C7155BE9CB0029B555 /* StreamController.m */; };
		D8F7AA711567A02C00B08181 /* ResultsViewController.m in Sources */ = {isa = PBXBuildFile; fileRef = D8F7AA701567A02C00B08181 /* ResultsViewController.m */; };
		D8F7AA751567A06000B08181 /* ResultsViewController.xib in Resources */ = {isa = PBXBuildFile; fileRef = D8F7AA741567A06000B08181 /* ResultsViewController.xib */; };
/* End PBXBuildFile section */

/* Begin PBXFileReference section */
		D80DF8BE156637E300488A0D /* SearchCriterium.h */ = {isa = PBXFileReference; fileEncoding = 4; lastKnownFileType = sourcecode.c.h; name = SearchCriterium.h; path = Classes/SearchCriterium.h; sourceTree = "<group>"; };
		D80DF8BF156637E300488A0D /* SearchCriterium.m */ = {isa = PBXFileReference; fileEncoding = 4; lastKnownFileType = sourcecode.c.objc; name = SearchCriterium.m; path = Classes/SearchCriterium.m; sourceTree = "<group>"; };
		D80DF8C215663ACB00488A0D /* PredicateViewController.h */ = {isa = PBXFileReference; fileEncoding = 4; lastKnownFileType = sourcecode.c.h; name = PredicateViewController.h; path = Classes/PredicateViewController.h; sourceTree = "<group>"; };
		D80DF8C315663ACB00488A0D /* PredicateViewController.m */ = {isa = PBXFileReference; fileEncoding = 4; lastKnownFileType = sourcecode.c.objc; name = PredicateViewController.m; path = Classes/PredicateViewController.m; sourceTree = "<group>"; };
		D80DF8C515663AF100488A0D /* PredicateViewController.xib */ = {isa = PBXFileReference; fileEncoding = 4; lastKnownFileType = file.xib; name = PredicateViewController.xib; path = Resources/PredicateViewController.xib; sourceTree = "<group>"; };
		D80DF8CF15664CEB00488A0D /* CommonName.h */ = {isa = PBXFileReference; fileEncoding = 4; lastKnownFileType = sourcecode.c.h; name = CommonName.h; path = Classes/CoreData/CommonName.h; sourceTree = "<group>"; };
		D80DF8D015664CEB00488A0D /* CommonName.m */ = {isa = PBXFileReference; fileEncoding = 4; lastKnownFileType = sourcecode.c.objc; name = CommonName.m; path = Classes/CoreData/CommonName.m; sourceTree = "<group>"; };
		D80DF8D215664D0400488A0D /* Fish.h */ = {isa = PBXFileReference; fileEncoding = 4; lastKnownFileType = sourcecode.c.h; name = Fish.h; path = Classes/CoreData/Fish.h; sourceTree = "<group>"; };
		D80DF8D315664D0400488A0D /* Fish.m */ = {isa = PBXFileReference; fileEncoding = 4; lastKnownFileType = sourcecode.c.objc; name = Fish.m; path = Classes/CoreData/Fish.m; sourceTree = "<group>"; };
		D80DF8D515664D1C00488A0D /* GenderValues.h */ = {isa = PBXFileReference; fileEncoding = 4; lastKnownFileType = sourcecode.c.h; name = GenderValues.h; path = Classes/CoreData/GenderValues.h; sourceTree = "<group>"; };
		D80DF8D615664D1C00488A0D /* GenderValues.m */ = {isa = PBXFileReference; fileEncoding = 4; lastKnownFileType = sourcecode.c.objc; name = GenderValues.m; path = Classes/CoreData/GenderValues.m; sourceTree = "<group>"; };
		D80DF8D815664D3500488A0D /* LifeValues.h */ = {isa = PBXFileReference; fileEncoding = 4; lastKnownFileType = sourcecode.c.h; name = LifeValues.h; path = Classes/CoreData/LifeValues.h; sourceTree = "<group>"; };
		D80DF8D915664D3500488A0D /* LifeValues.m */ = {isa = PBXFileReference; fileEncoding = 4; lastKnownFileType = sourcecode.c.objc; name = LifeValues.m; path = Classes/CoreData/LifeValues.m; sourceTree = "<group>"; };
		D80DF8DB15664D4600488A0D /* Localization.h */ = {isa = PBXFileReference; fileEncoding = 4; lastKnownFileType = sourcecode.c.h; name = Localization.h; path = Classes/CoreData/Localization.h; sourceTree = "<group>"; };
		D80DF8DC15664D4600488A0D /* Localization.m */ = {isa = PBXFileReference; fileEncoding = 4; lastKnownFileType = sourcecode.c.objc; name = Localization.m; path = Classes/CoreData/Localization.m; sourceTree = "<group>"; };
		D80DF8DE15664D5900488A0D /* Medium.h */ = {isa = PBXFileReference; fileEncoding = 4; lastKnownFileType = sourcecode.c.h; name = Medium.h; path = Classes/CoreData/Medium.h; sourceTree = "<group>"; };
		D80DF8DF15664D5900488A0D /* Medium.m */ = {isa = PBXFileReference; fileEncoding = 4; lastKnownFileType = sourcecode.c.objc; name = Medium.m; path = Classes/CoreData/Medium.m; sourceTree = "<group>"; };
		D80DF8E115664DAA00488A0D /* GenericManagedObject.h */ = {isa = PBXFileReference; fileEncoding = 4; lastKnownFileType = sourcecode.c.h; name = GenericManagedObject.h; path = Classes/CoreData/GenericManagedObject.h; sourceTree = "<group>"; };
		D80DF8E215664DAA00488A0D /* GenericManagedObject.m */ = {isa = PBXFileReference; fileEncoding = 4; lastKnownFileType = sourcecode.c.objc; name = GenericManagedObject.m; path = Classes/CoreData/GenericManagedObject.m; sourceTree = "<group>"; };
		D80DF8E7156653D300488A0D /* en */ = {isa = PBXFileReference; fileEncoding = 10; lastKnownFileType = text.plist.strings; name = en; path = en.lproj/Localizable.strings; sourceTree = "<group>"; };
		D80DF8EE1566552C00488A0D /* NetworkIndicatorController.h */ = {isa = PBXFileReference; fileEncoding = 4; lastKnownFileType = sourcecode.c.h; name = NetworkIndicatorController.h; path = Classes/NetworkIndicatorController.h; sourceTree = "<group>"; };
		D80DF8EF1566552D00488A0D /* NetworkIndicatorController.m */ = {isa = PBXFileReference; fileEncoding = 4; lastKnownFileType = sourcecode.c.objc; name = NetworkIndicatorController.m; path = Classes/NetworkIndicatorController.m; sourceTree = "<group>"; };
		D80DF8F01566552D00488A0D /* RoundedCornerView.h */ = {isa = PBXFileReference; fileEncoding = 4; lastKnownFileType = sourcecode.c.h; name = RoundedCornerView.h; path = Classes/RoundedCornerView.h; sourceTree = "<group>"; };
		D80DF8F11566552D00488A0D /* RoundedCornerView.m */ = {isa = PBXFileReference; fileEncoding = 4; lastKnownFileType = sourcecode.c.objc; name = RoundedCornerView.m; path = Classes/RoundedCornerView.m; sourceTree = "<group>"; };
		D80DF8F51566555900488A0D /* NetworkIndicatorController.xib */ = {isa = PBXFileReference; fileEncoding = 4; lastKnownFileType = file.xib; name = NetworkIndicatorController.xib; path = Resources/NetworkIndicatorController.xib; sourceTree = "<group>"; };
		D80DF8F8156655FD00488A0D /* DataController.h */ = {isa = PBXFileReference; fileEncoding = 4; lastKnownFileType = sourcecode.c.h; name = DataController.h; path = Classes/DataController.h; sourceTree = "<group>"; };
		D80DF8F9156655FD00488A0D /* DataController.m */ = {isa = PBXFileReference; fileEncoding = 4; lastKnownFileType = sourcecode.c.objc; name = DataController.m; path = Classes/DataController.m; sourceTree = "<group>"; };
		D80DF8FC1566627200488A0D /* NSString+Additions.h */ = {isa = PBXFileReference; fileEncoding = 4; lastKnownFileType = sourcecode.c.h; name = "NSString+Additions.h"; path = "Classes/NSString+Additions.h"; sourceTree = "<group>"; };
		D80DF8FD1566627200488A0D /* NSString+Additions.m */ = {isa = PBXFileReference; fileEncoding = 4; lastKnownFileType = sourcecode.c.objc; name = "NSString+Additions.m"; path = "Classes/NSString+Additions.m"; sourceTree = "<group>"; };
		D839F220157CAD90008B38F2 /* MainWindow-iPhone.xib */ = {isa = PBXFileReference; fileEncoding = 4; lastKnownFileType = file.xib; name = "MainWindow-iPhone.xib"; path = "Resources/MainWindow-iPhone.xib"; sourceTree = "<group>"; };
		D839F22C157CB44A008B38F2 /* ComboboxController.h */ = {isa = PBXFileReference; fileEncoding = 4; lastKnownFileType = sourcecode.c.h; name = ComboboxController.h; path = Classes/ComboboxController.h; sourceTree = "<group>"; };
		D839F22D157CB44A008B38F2 /* ComboboxController.m */ = {isa = PBXFileReference; fileEncoding = 4; lastKnownFileType = sourcecode.c.objc; name = ComboboxController.m; path = Classes/ComboboxController.m; sourceTree = "<group>"; };
		D839F231157CB472008B38F2 /* ComboboxController.xib */ = {isa = PBXFileReference; fileEncoding = 4; lastKnownFileType = file.xib; name = ComboboxController.xib; path = Resources/ComboboxController.xib; sourceTree = "<group>"; };
		D85C254C1585CEF500F83927 /* AquaBase_iPhone.storyboard */ = {isa = PBXFileReference; fileEncoding = 4; lastKnownFileType = file.storyboard; name = AquaBase_iPhone.storyboard; path = Resources/AquaBase_iPhone.storyboard; sourceTree = "<group>"; };
		D85C254F1585CF0C00F83927 /* AquaBase_iPad.storyboard */ = {isa = PBXFileReference; fileEncoding = 4; lastKnownFileType = file.storyboard; name = AquaBase_iPad.storyboard; path = Resources/AquaBase_iPad.storyboard; sourceTree = "<group>"; };
		D85E7479156A3389005E6ABA /* LifeValuesCell.h */ = {isa = PBXFileReference; fileEncoding = 4; lastKnownFileType = sourcecode.c.h; name = LifeValuesCell.h; path = Classes/LifeValuesCell.h; sourceTree = "<group>"; };
		D85E747A156A3389005E6ABA /* LifeValuesCell.m */ = {isa = PBXFileReference; fileEncoding = 4; lastKnownFileType = sourcecode.c.objc; name = LifeValuesCell.m; path = Classes/LifeValuesCell.m; sourceTree = "<group>"; };
		D85E747E156A33A9005E6ABA /* LifeValuesCell.xib */ = {isa = PBXFileReference; fileEncoding = 4; lastKnownFileType = file.xib; name = LifeValuesCell.xib; path = Resources/LifeValuesCell.xib; sourceTree = "<group>"; };
		D85E7480156A4256005E6ABA /* LongTextCell.h */ = {isa = PBXFileReference; fileEncoding = 4; lastKnownFileType = sourcecode.c.h; name = LongTextCell.h; path = Classes/LongTextCell.h; sourceTree = "<group>"; };
		D85E7481156A4256005E6ABA /* LongTextCell.m */ = {isa = PBXFileReference; fileEncoding = 4; lastKnownFileType = sourcecode.c.objc; name = LongTextCell.m; path = Classes/LongTextCell.m; sourceTree = "<group>"; };
		D85E7484156A4277005E6ABA /* LongTextCell.xib */ = {isa = PBXFileReference; fileEncoding = 4; lastKnownFileType = file.xib; name = LongTextCell.xib; path = Resources/LongTextCell.xib; sourceTree = "<group>"; };
		D85E748C156A4840005E6ABA /* UILabel+Multiline.h */ = {isa = PBXFileReference; fileEncoding = 4; lastKnownFileType = sourcecode.c.h; name = "UILabel+Multiline.h"; path = "Classes/UILabel+Multiline.h"; sourceTree = "<group>"; };
		D85E748D156A4840005E6ABA /* UILabel+Multiline.m */ = {isa = PBXFileReference; fileEncoding = 4; lastKnownFileType = sourcecode.c.objc; name = "UILabel+Multiline.m"; path = "Classes/UILabel+Multiline.m"; sourceTree = "<group>"; };
		D85F09ED15666AEB0093941F /* NSManagedObjectContext+Additions.h */ = {isa = PBXFileReference; fileEncoding = 4; lastKnownFileType = sourcecode.c.h; name = "NSManagedObjectContext+Additions.h"; path = "Classes/CoreData/NSManagedObjectContext+Additions.h"; sourceTree = "<group>"; };
		D85F09EE15666AEB0093941F /* NSManagedObjectContext+Additions.m */ = {isa = PBXFileReference; fileEncoding = 4; lastKnownFileType = sourcecode.c.objc; name = "NSManagedObjectContext+Additions.m"; path = "Classes/CoreData/NSManagedObjectContext+Additions.m"; sourceTree = "<group>"; };
		D85F09FC156670150093941F /* Fish-mapping.plist */ = {isa = PBXFileReference; fileEncoding = 4; lastKnownFileType = text.plist.xml; name = "Fish-mapping.plist"; path = "Resources/Fish-mapping.plist"; sourceTree = "<group>"; };
		D85F09FE156672D00093941F /* StreamKeys.h */ = {isa = PBXFileReference; lastKnownFileType = sourcecode.c.h; name = StreamKeys.h; path = Classes/StreamKeys.h; sourceTree = "<group>"; };
		D85F0A261566A5330093941F /* XmlParsingOperation.h */ = {isa = PBXFileReference; fileEncoding = 4; lastKnownFileType = sourcecode.c.h; name = XmlParsingOperation.h; path = Classes/XmlParsingOperation.h; sourceTree = "<group>"; };
		D85F0A271566A5330093941F /* XmlParsingOperation.m */ = {isa = PBXFileReference; fileEncoding = 4; lastKnownFileType = sourcecode.c.objc; name = XmlParsingOperation.m; path = Classes/XmlParsingOperation.m; sourceTree = "<group>"; };
		D882AFDE155C051D0029F188 /* SearchViewController.h */ = {isa = PBXFileReference; fileEncoding = 4; lastKnownFileType = sourcecode.c.h; name = SearchViewController.h; path = Classes/SearchViewController.h; sourceTree = "<group>"; };
		D882AFDF155C051D0029F188 /* SearchViewController.m */ = {isa = PBXFileReference; fileEncoding = 4; lastKnownFileType = sourcecode.c.objc; name = SearchViewController.m; path = Classes/SearchViewController.m; sourceTree = "<group>"; };
		D882AFE7155C0B180029F188 /* SearchViewControllerCell.h */ = {isa = PBXFileReference; fileEncoding = 4; lastKnownFileType = sourcecode.c.h; name = SearchViewControllerCell.h; path = Classes/SearchViewControllerCell.h; sourceTree = "<group>"; };
		D882AFE8155C0B180029F188 /* SearchViewControllerCell.m */ = {isa = PBXFileReference; fileEncoding = 4; lastKnownFileType = sourcecode.c.objc; name = SearchViewControllerCell.m; path = Classes/SearchViewControllerCell.m; sourceTree = "<group>"; };
		D882AFEB155C0B3D0029F188 /* SearchViewControllerCell.xib */ = {isa = PBXFileReference; fileEncoding = 4; lastKnownFileType = file.xib; name = SearchViewControllerCell.xib; path = Resources/SearchViewControllerCell.xib; sourceTree = "<group>"; };
		D8B9194C155BDC140029B555 /* AquaBase.app */ = {isa = PBXFileReference; explicitFileType = wrapper.application; includeInIndex = 0; path = AquaBase.app; sourceTree = BUILT_PRODUCTS_DIR; };
		D8B91950155BDC140029B555 /* UIKit.framework */ = {isa = PBXFileReference; lastKnownFileType = wrapper.framework; name = UIKit.framework; path = System/Library/Frameworks/UIKit.framework; sourceTree = SDKROOT; };
		D8B91952155BDC140029B555 /* Foundation.framework */ = {isa = PBXFileReference; lastKnownFileType = wrapper.framework; name = Foundation.framework; path = System/Library/Frameworks/Foundation.framework; sourceTree = SDKROOT; };
		D8B91954155BDC140029B555 /* CoreGraphics.framework */ = {isa = PBXFileReference; lastKnownFileType = wrapper.framework; name = CoreGraphics.framework; path = System/Library/Frameworks/CoreGraphics.framework; sourceTree = SDKROOT; };
		D8B91956155BDC140029B555 /* CoreData.framework */ = {isa = PBXFileReference; lastKnownFileType = wrapper.framework; name = CoreData.framework; path = System/Library/Frameworks/CoreData.framework; sourceTree = SDKROOT; };
		D8B9195A155BDC140029B555 /* AquaBase-Info.plist */ = {isa = PBXFileReference; lastKnownFileType = text.plist.xml; path = "AquaBase-Info.plist"; sourceTree = "<group>"; };
		D8B9195C155BDC140029B555 /* en */ = {isa = PBXFileReference; lastKnownFileType = text.plist.strings; name = en; path = en.lproj/InfoPlist.strings; sourceTree = "<group>"; };
		D8B9195E155BDC140029B555 /* main.m */ = {isa = PBXFileReference; lastKnownFileType = sourcecode.c.objc; path = main.m; sourceTree = "<group>"; };
		D8B91960155BDC140029B555 /* AquaBase-Prefix.pch */ = {isa = PBXFileReference; lastKnownFileType = sourcecode.c.h; path = "AquaBase-Prefix.pch"; sourceTree = "<group>"; };
		D8B91961155BDC140029B555 /* AppDelegate.h */ = {isa = PBXFileReference; lastKnownFileType = sourcecode.c.h; name = AppDelegate.h; path = Classes/AppDelegate.h; sourceTree = "<group>"; };
		D8B91962155BDC140029B555 /* AppDelegate.m */ = {isa = PBXFileReference; lastKnownFileType = sourcecode.c.objc; name = AppDelegate.m; path = Classes/AppDelegate.m; sourceTree = "<group>"; };
		D8B91965155BDC140029B555 /* AquaBase.xcdatamodel */ = {isa = PBXFileReference; lastKnownFileType = wrapper.xcdatamodel; path = AquaBase.xcdatamodel; sourceTree = "<group>"; };
		D8B91967155BDC140029B555 /* MasterViewController.h */ = {isa = PBXFileReference; lastKnownFileType = sourcecode.c.h; name = MasterViewController.h; path = Classes/MasterViewController.h; sourceTree = "<group>"; };
		D8B91968155BDC140029B555 /* MasterViewController.m */ = {isa = PBXFileReference; lastKnownFileType = sourcecode.c.objc; name = MasterViewController.m; path = Classes/MasterViewController.m; sourceTree = "<group>"; };
		D8B9196A155BDC140029B555 /* DetailViewController.h */ = {isa = PBXFileReference; lastKnownFileType = sourcecode.c.h; name = DetailViewController.h; path = Classes/DetailViewController.h; sourceTree = "<group>"; };
		D8B9196B155BDC140029B555 /* DetailViewController.m */ = {isa = PBXFileReference; lastKnownFileType = sourcecode.c.objc; name = DetailViewController.m; path = Classes/DetailViewController.m; sourceTree = "<group>"; };
		D8B91983155BDCC60029B555 /* AquaBase Tests.app */ = {isa = PBXFileReference; explicitFileType = wrapper.application; includeInIndex = 0; path = "AquaBase Tests.app"; sourceTree = BUILT_PRODUCTS_DIR; };
		D8B9198A155BDCC60029B555 /* AquaBase Tests-Info.plist */ = {isa = PBXFileReference; lastKnownFileType = text.plist.xml; path = "AquaBase Tests-Info.plist"; sourceTree = "<group>"; };
		D8B9198C155BDCC60029B555 /* en */ = {isa = PBXFileReference; lastKnownFileType = text.plist.strings; name = en; path = en.lproj/InfoPlist.strings; sourceTree = "<group>"; };
		D8B91990155BDCC60029B555 /* AquaBase Tests-Prefix.pch */ = {isa = PBXFileReference; lastKnownFileType = sourcecode.c.h; path = "AquaBase Tests-Prefix.pch"; sourceTree = "<group>"; };
		D8B919A7155BDED20029B555 /* GHUnitIOS.framework */ = {isa = PBXFileReference; lastKnownFileType = wrapper.framework; name = GHUnitIOS.framework; path = Libraries/GHUnitIOS.framework; sourceTree = "<group>"; };
		D8B919AA155BDF140029B555 /* XMLParserTest.m */ = {isa = PBXFileReference; fileEncoding = 4; lastKnownFileType = sourcecode.c.objc; name = XMLParserTest.m; path = Classes/XMLParserTest.m; sourceTree = "<group>"; };
		D8B919AD155BDF290029B555 /* RunTests.sh */ = {isa = PBXFileReference; lastKnownFileType = text.script.sh; path = RunTests.sh; sourceTree = "<group>"; };
		D8B919AF155BE0070029B555 /* poissons-aquarium.xml */ = {isa = PBXFileReference; fileEncoding = 4; lastKnownFileType = text.xml; name = "poissons-aquarium.xml"; path = "Resources/poissons-aquarium.xml"; sourceTree = "<group>"; };
		D8B919B2155BE0D20029B555 /* AquaBaseTestsAppDelegate.h */ = {isa = PBXFileReference; fileEncoding = 4; lastKnownFileType = sourcecode.c.h; name = AquaBaseTestsAppDelegate.h; path = Classes/AquaBaseTestsAppDelegate.h; sourceTree = "<group>"; };
		D8B919B3155BE0D20029B555 /* AquaBaseTestsAppDelegate.m */ = {isa = PBXFileReference; fileEncoding = 4; lastKnownFileType = sourcecode.c.objc; name = AquaBaseTestsAppDelegate.m; path = Classes/AquaBaseTestsAppDelegate.m; sourceTree = "<group>"; };
		D8B919BB155BE3970029B555 /* MainWindow-iPad.xib */ = {isa = PBXFileReference; fileEncoding = 4; lastKnownFileType = file.xib; name = "MainWindow-iPad.xib"; path = "Resources/MainWindow-iPad.xib"; sourceTree = "<group>"; };
		D8B919BD155BE7D70029B555 /* GHUnitIOSTestMain.m */ = {isa = PBXFileReference; fileEncoding = 4; lastKnownFileType = sourcecode.c.objc; path = GHUnitIOSTestMain.m; sourceTree = "<group>"; };
		D8B919C6155BE9CB0029B555 /* StreamController.h */ = {isa = PBXFileReference; fileEncoding = 4; lastKnownFileType = sourcecode.c.h; name = StreamController.h; path = Classes/StreamController.h; sourceTree = "<group>"; };
		D8B919C7155BE9CB0029B555 /* StreamController.m */ = {isa = PBXFileReference; fileEncoding = 4; lastKnownFileType = sourcecode.c.objc; name = StreamController.m; path = Classes/StreamController.m; sourceTree = "<group>"; };
		D8B919D0155BF4910029B555 /* poissons-aquarium.xsd */ = {isa = PBXFileReference; lastKnownFileType = text.xml; name = "poissons-aquarium.xsd"; path = "Resources/poissons-aquarium.xsd"; sourceTree = "<group>"; };
		D8F7AA6F1567A02C00B08181 /* ResultsViewController.h */ = {isa = PBXFileReference; fileEncoding = 4; lastKnownFileType = sourcecode.c.h; name = ResultsViewController.h; path = Classes/ResultsViewController.h; sourceTree = "<group>"; };
		D8F7AA701567A02C00B08181 /* ResultsViewController.m */ = {isa = PBXFileReference; fileEncoding = 4; lastKnownFileType = sourcecode.c.objc; name = ResultsViewController.m; path = Classes/ResultsViewController.m; sourceTree = "<group>"; };
		D8F7AA741567A06000B08181 /* ResultsViewController.xib */ = {isa = PBXFileReference; fileEncoding = 4; lastKnownFileType = file.xib; name = ResultsViewController.xib; path = Resources/ResultsViewController.xib; sourceTree = "<group>"; };
/* End PBXFileReference section */

/* Begin PBXFrameworksBuildPhase section */
		D8B91949155BDC140029B555 /* Frameworks */ = {
			isa = PBXFrameworksBuildPhase;
			buildActionMask = 2147483647;
			files = (
				D8B91951155BDC140029B555 /* UIKit.framework in Frameworks */,
				D8B91953155BDC140029B555 /* Foundation.framework in Frameworks */,
				D8B91955155BDC140029B555 /* CoreGraphics.framework in Frameworks */,
				D8B91957155BDC140029B555 /* CoreData.framework in Frameworks */,
			);
			runOnlyForDeploymentPostprocessing = 0;
		};
		D8B91980155BDCC60029B555 /* Frameworks */ = {
			isa = PBXFrameworksBuildPhase;
			buildActionMask = 2147483647;
			files = (
				D8B91985155BDCC60029B555 /* UIKit.framework in Frameworks */,
				D8B91986155BDCC60029B555 /* Foundation.framework in Frameworks */,
				D8B91987155BDCC60029B555 /* CoreGraphics.framework in Frameworks */,
				D8B919A8155BDED20029B555 /* GHUnitIOS.framework in Frameworks */,
				D8B919B5155BE1A00029B555 /* CoreData.framework in Frameworks */,
			);
			runOnlyForDeploymentPostprocessing = 0;
		};
/* End PBXFrameworksBuildPhase section */

/* Begin PBXGroup section */
		D80DF8C715663B1600488A0D /* Predicate View Controller */ = {
			isa = PBXGroup;
			children = (
				D80DF8C215663ACB00488A0D /* PredicateViewController.h */,
				D80DF8C315663ACB00488A0D /* PredicateViewController.m */,
				D80DF8C515663AF100488A0D /* PredicateViewController.xib */,
			);
			name = "Predicate View Controller";
			sourceTree = "<group>";
		};
		D80DF8CD15664CAA00488A0D /* Data Objects */ = {
			isa = PBXGroup;
			children = (
				D85F09FB15666FFA0093941F /* Mappings */,
				D80DF8E115664DAA00488A0D /* GenericManagedObject.h */,
				D80DF8E215664DAA00488A0D /* GenericManagedObject.m */,
				D80DF8CF15664CEB00488A0D /* CommonName.h */,
				D80DF8D015664CEB00488A0D /* CommonName.m */,
				D80DF8D215664D0400488A0D /* Fish.h */,
				D80DF8D315664D0400488A0D /* Fish.m */,
				D80DF8D515664D1C00488A0D /* GenderValues.h */,
				D80DF8D615664D1C00488A0D /* GenderValues.m */,
				D80DF8D815664D3500488A0D /* LifeValues.h */,
				D80DF8D915664D3500488A0D /* LifeValues.m */,
				D80DF8DB15664D4600488A0D /* Localization.h */,
				D80DF8DC15664D4600488A0D /* Localization.m */,
				D80DF8DE15664D5900488A0D /* Medium.h */,
				D80DF8DF15664D5900488A0D /* Medium.m */,
			);
			name = "Data Objects";
			sourceTree = "<group>";
		};
		D80DF8F41566553F00488A0D /* Network Indicator Controller */ = {
			isa = PBXGroup;
			children = (
				D80DF8F71566556200488A0D /* Rounded Corner View */,
				D80DF8EE1566552C00488A0D /* NetworkIndicatorController.h */,
				D80DF8EF1566552D00488A0D /* NetworkIndicatorController.m */,
				D80DF8F51566555900488A0D /* NetworkIndicatorController.xib */,
			);
			name = "Network Indicator Controller";
			sourceTree = "<group>";
		};
		D80DF8F71566556200488A0D /* Rounded Corner View */ = {
			isa = PBXGroup;
			children = (
				D80DF8F01566552D00488A0D /* RoundedCornerView.h */,
				D80DF8F11566552D00488A0D /* RoundedCornerView.m */,
			);
			name = "Rounded Corner View";
			sourceTree = "<group>";
		};
		D839F230157CB44F008B38F2 /* Combobox Controller */ = {
			isa = PBXGroup;
			children = (
				D839F22C157CB44A008B38F2 /* ComboboxController.h */,
				D839F22D157CB44A008B38F2 /* ComboboxController.m */,
				D839F231157CB472008B38F2 /* ComboboxController.xib */,
			);
			name = "Combobox Controller";
			sourceTree = "<group>";
		};
		D85E747D156A338C005E6ABA /* Life Values Cell */ = {
			isa = PBXGroup;
			children = (
				D85E7479156A3389005E6ABA /* LifeValuesCell.h */,
				D85E747A156A3389005E6ABA /* LifeValuesCell.m */,
				D85E747E156A33A9005E6ABA /* LifeValuesCell.xib */,
			);
			name = "Life Values Cell";
			sourceTree = "<group>";
		};
		D85E7483156A425A005E6ABA /* Long Text Cell */ = {
			isa = PBXGroup;
			children = (
				D85E7480156A4256005E6ABA /* LongTextCell.h */,
				D85E7481156A4256005E6ABA /* LongTextCell.m */,
				D85E7484156A4277005E6ABA /* LongTextCell.xib */,
			);
			name = "Long Text Cell";
			sourceTree = "<group>";
		};
		D85F09FB15666FFA0093941F /* Mappings */ = {
			isa = PBXGroup;
			children = (
				D85F09FC156670150093941F /* Fish-mapping.plist */,
			);
			name = Mappings;
			sourceTree = "<group>";
		};
		D882AFE4155C05800029F188 /* Master View Controller */ = {
			isa = PBXGroup;
			children = (
				D8B91967155BDC140029B555 /* MasterViewController.h */,
				D8B91968155BDC140029B555 /* MasterViewController.m */,
			);
			name = "Master View Controller";
			sourceTree = "<group>";
		};
		D882AFE5155C05890029F188 /* Detail View Controller */ = {
			isa = PBXGroup;
			children = (
				D85E747D156A338C005E6ABA /* Life Values Cell */,
				D85E7483156A425A005E6ABA /* Long Text Cell */,
				D8B9196A155BDC140029B555 /* DetailViewController.h */,
				D8B9196B155BDC140029B555 /* DetailViewController.m */,
			);
			name = "Detail View Controller";
			sourceTree = "<group>";
		};
		D882AFE6155C05910029F188 /* Search View Controller */ = {
			isa = PBXGroup;
			children = (
				D882AFEA155C0B200029F188 /* Search View Controller Cell */,
				D882AFDE155C051D0029F188 /* SearchViewController.h */,
				D882AFDF155C051D0029F188 /* SearchViewController.m */,
			);
			name = "Search View Controller";
			sourceTree = "<group>";
		};
		D882AFEA155C0B200029F188 /* Search View Controller Cell */ = {
			isa = PBXGroup;
			children = (
				D882AFE7155C0B180029F188 /* SearchViewControllerCell.h */,
				D882AFE8155C0B180029F188 /* SearchViewControllerCell.m */,
				D882AFEB155C0B3D0029F188 /* SearchViewControllerCell.xib */,
			);
			name = "Search View Controller Cell";
			sourceTree = "<group>";
		};
		D884C44A155C474C00F7149B /* Utilities */ = {
			isa = PBXGroup;
			children = (
				D85E748C156A4840005E6ABA /* UILabel+Multiline.h */,
				D85E748D156A4840005E6ABA /* UILabel+Multiline.m */,
				D80DF8FC1566627200488A0D /* NSString+Additions.h */,
				D80DF8FD1566627200488A0D /* NSString+Additions.m */,
				D85F09ED15666AEB0093941F /* NSManagedObjectContext+Additions.h */,
				D85F09EE15666AEB0093941F /* NSManagedObjectContext+Additions.m */,
			);
			name = Utilities;
			sourceTree = "<group>";
		};
		D8B91941155BDC140029B555 = {
			isa = PBXGroup;
			children = (
				D8B91958155BDC140029B555 /* AquaBase */,
				D8B91988155BDCC60029B555 /* AquaBase Tests */,
				D8B9194F155BDC140029B555 /* Frameworks */,
				D8B9194D155BDC140029B555 /* Products */,
			);
			sourceTree = "<group>";
		};
		D8B9194D155BDC140029B555 /* Products */ = {
			isa = PBXGroup;
			children = (
				D8B9194C155BDC140029B555 /* AquaBase.app */,
				D8B91983155BDCC60029B555 /* AquaBase Tests.app */,
			);
			name = Products;
			sourceTree = "<group>";
		};
		D8B9194F155BDC140029B555 /* Frameworks */ = {
			isa = PBXGroup;
			children = (
				D8B919A7155BDED20029B555 /* GHUnitIOS.framework */,
				D8B91950155BDC140029B555 /* UIKit.framework */,
				D8B91952155BDC140029B555 /* Foundation.framework */,
				D8B91954155BDC140029B555 /* CoreGraphics.framework */,
				D8B91956155BDC140029B555 /* CoreData.framework */,
			);
			name = Frameworks;
			sourceTree = "<group>";
		};
		D8B91958155BDC140029B555 /* AquaBase */ = {
			isa = PBXGroup;
			children = (
				D8B9197C155BDC680029B555 /* Classes */,
				D8B9197E155BDC7B0029B555 /* Resources */,
				D8B91959155BDC140029B555 /* Supporting Files */,
			);
			path = AquaBase;
			sourceTree = "<group>";
		};
		D8B91959155BDC140029B555 /* Supporting Files */ = {
			isa = PBXGroup;
			children = (
				D8B9195A155BDC140029B555 /* AquaBase-Info.plist */,
				D8B9195B155BDC140029B555 /* InfoPlist.strings */,
				D8B9195E155BDC140029B555 /* main.m */,
				D8B91960155BDC140029B555 /* AquaBase-Prefix.pch */,
				D80DF8E8156653D300488A0D /* Localizable.strings */,
			);
			name = "Supporting Files";
			sourceTree = "<group>";
		};
		D8B9197C155BDC680029B555 /* Classes */ = {
			isa = PBXGroup;
			children = (
				D80DF8CD15664CAA00488A0D /* Data Objects */,
				D8B919C0155BE9650029B555 /* Controllers */,
				D8B919BF155BE9500029B555 /* View Controllers */,
				D884C44A155C474C00F7149B /* Utilities */,
				D8B91961155BDC140029B555 /* AppDelegate.h */,
				D8B91962155BDC140029B555 /* AppDelegate.m */,
			);
			name = Classes;
			sourceTree = "<group>";
		};
		D8B9197E155BDC7B0029B555 /* Resources */ = {
			isa = PBXGroup;
			children = (
				D8B91964155BDC140029B555 /* AquaBase.xcdatamodeld */,
				D8B919BB155BE3970029B555 /* MainWindow-iPad.xib */,
				D839F220157CAD90008B38F2 /* MainWindow-iPhone.xib */,
				D85C254C1585CEF500F83927 /* AquaBase_iPhone.storyboard */,
				D85C254F1585CF0C00F83927 /* AquaBase_iPad.storyboard */,
			);
			name = Resources;
			sourceTree = "<group>";
		};
		D8B91988155BDCC60029B555 /* AquaBase Tests */ = {
			isa = PBXGroup;
			children = (
				D8B919A9155BDF050029B555 /* Classes */,
				D8B919AE155BDFF90029B555 /* Resources */,
				D8B91989155BDCC60029B555 /* Supporting Files */,
				D8B919AC155BDF180029B555 /* Scripts */,
			);
			path = "AquaBase Tests";
			sourceTree = "<group>";
		};
		D8B91989155BDCC60029B555 /* Supporting Files */ = {
			isa = PBXGroup;
			children = (
				D8B919B2155BE0D20029B555 /* AquaBaseTestsAppDelegate.h */,
				D8B919B3155BE0D20029B555 /* AquaBaseTestsAppDelegate.m */,
				D8B919BD155BE7D70029B555 /* GHUnitIOSTestMain.m */,
				D8B9198A155BDCC60029B555 /* AquaBase Tests-Info.plist */,
				D8B9198B155BDCC60029B555 /* InfoPlist.strings */,
				D8B91990155BDCC60029B555 /* AquaBase Tests-Prefix.pch */,
			);
			name = "Supporting Files";
			sourceTree = "<group>";
		};
		D8B919A9155BDF050029B555 /* Classes */ = {
			isa = PBXGroup;
			children = (
				D8B919AA155BDF140029B555 /* XMLParserTest.m */,
			);
			name = Classes;
			sourceTree = "<group>";
		};
		D8B919AC155BDF180029B555 /* Scripts */ = {
			isa = PBXGroup;
			children = (
				D8B919AD155BDF290029B555 /* RunTests.sh */,
			);
			name = Scripts;
			sourceTree = "<group>";
		};
		D8B919AE155BDFF90029B555 /* Resources */ = {
			isa = PBXGroup;
			children = (
				D8B919AF155BE0070029B555 /* poissons-aquarium.xml */,
				D8B919D0155BF4910029B555 /* poissons-aquarium.xsd */,
			);
			name = Resources;
			sourceTree = "<group>";
		};
		D8B919BF155BE9500029B555 /* View Controllers */ = {
			isa = PBXGroup;
			children = (
				D839F230157CB44F008B38F2 /* Combobox Controller */,
				D882AFE4155C05800029F188 /* Master View Controller */,
				D882AFE5155C05890029F188 /* Detail View Controller */,
				D8F7AA731567A03300B08181 /* Results View Controller */,
				D882AFE6155C05910029F188 /* Search View Controller */,
				D80DF8C715663B1600488A0D /* Predicate View Controller */,
				D80DF8F41566553F00488A0D /* Network Indicator Controller */,
			);
			name = "View Controllers";
			sourceTree = "<group>";
		};
		D8B919C0155BE9650029B555 /* Controllers */ = {
			isa = PBXGroup;
			children = (
				D85F09FE156672D00093941F /* StreamKeys.h */,
				D8B919C6155BE9CB0029B555 /* StreamController.h */,
				D8B919C7155BE9CB0029B555 /* StreamController.m */,
				D80DF8BE156637E300488A0D /* SearchCriterium.h */,
				D80DF8BF156637E300488A0D /* SearchCriterium.m */,
				D85F0A261566A5330093941F /* XmlParsingOperation.h */,
				D85F0A271566A5330093941F /* XmlParsingOperation.m */,
				D80DF8F8156655FD00488A0D /* DataController.h */,
				D80DF8F9156655FD00488A0D /* DataController.m */,
			);
			name = Controllers;
			sourceTree = "<group>";
		};
		D8F7AA731567A03300B08181 /* Results View Controller */ = {
			isa = PBXGroup;
			children = (
				D8F7AA6F1567A02C00B08181 /* ResultsViewController.h */,
				D8F7AA701567A02C00B08181 /* ResultsViewController.m */,
				D8F7AA741567A06000B08181 /* ResultsViewController.xib */,
			);
			name = "Results View Controller";
			sourceTree = "<group>";
		};
/* End PBXGroup section */

/* Begin PBXNativeTarget section */
		D8B9194B155BDC140029B555 /* AquaBase */ = {
			isa = PBXNativeTarget;
			buildConfigurationList = D8B91975155BDC140029B555 /* Build configuration list for PBXNativeTarget "AquaBase" */;
			buildPhases = (
				D8B91948155BDC140029B555 /* Sources */,
				D8B91949155BDC140029B555 /* Frameworks */,
				D8B9194A155BDC140029B555 /* Resources */,
			);
			buildRules = (
			);
			dependencies = (
			);
			name = AquaBase;
			productName = AquaBase;
			productReference = D8B9194C155BDC140029B555 /* AquaBase.app */;
			productType = "com.apple.product-type.application";
		};
		D8B91982155BDCC60029B555 /* AquaBase Tests */ = {
			isa = PBXNativeTarget;
			buildConfigurationList = D8B9199D155BDCC60029B555 /* Build configuration list for PBXNativeTarget "AquaBase Tests" */;
			buildPhases = (
				D8B9197F155BDCC60029B555 /* Sources */,
				D8B91980155BDCC60029B555 /* Frameworks */,
				D8B91981155BDCC60029B555 /* Resources */,
			);
			buildRules = (
			);
			dependencies = (
			);
			name = "AquaBase Tests";
			productName = "AquaBase Tests";
			productReference = D8B91983155BDCC60029B555 /* AquaBase Tests.app */;
			productType = "com.apple.product-type.application";
		};
/* End PBXNativeTarget section */

/* Begin PBXProject section */
		D8B91943155BDC140029B555 /* Project object */ = {
			isa = PBXProject;
			attributes = {
				LastUpgradeCheck = 0430;
				ORGANIZATIONNAME = "Pallas Free Foundation";
			};
			buildConfigurationList = D8B91946155BDC140029B555 /* Build configuration list for PBXProject "AquaBase" */;
			compatibilityVersion = "Xcode 3.2";
			developmentRegion = English;
			hasScannedForEncodings = 0;
			knownRegions = (
				en,
			);
			mainGroup = D8B91941155BDC140029B555;
			productRefGroup = D8B9194D155BDC140029B555 /* Products */;
			projectDirPath = "";
			projectRoot = "";
			targets = (
				D8B9194B155BDC140029B555 /* AquaBase */,
				D8B91982155BDCC60029B555 /* AquaBase Tests */,
			);
		};
/* End PBXProject section */

/* Begin PBXResourcesBuildPhase section */
		D8B9194A155BDC140029B555 /* Resources */ = {
			isa = PBXResourcesBuildPhase;
			buildActionMask = 2147483647;
			files = (
				D8B9195D155BDC140029B555 /* InfoPlist.strings in Resources */,
				D8B919BC155BE3970029B555 /* MainWindow-iPad.xib in Resources */,
				D882AFEC155C0B3D0029F188 /* SearchViewControllerCell.xib in Resources */,
				D80DF8C615663AF100488A0D /* PredicateViewController.xib in Resources */,
				D80DF8E6156653D300488A0D /* Localizable.strings in Resources */,
				D80DF8F61566555900488A0D /* NetworkIndicatorController.xib in Resources */,
				D80DF8FB156658EC00488A0D /* poissons-aquarium.xml in Resources */,
				D85F09FD156670150093941F /* Fish-mapping.plist in Resources */,
				D8F7AA751567A06000B08181 /* ResultsViewController.xib in Resources */,
				D85E747F156A33A9005E6ABA /* LifeValuesCell.xib in Resources */,
				D85E7485156A4277005E6ABA /* LongTextCell.xib in Resources */,
				D839F221157CAD90008B38F2 /* MainWindow-iPhone.xib in Resources */,
				D839F232157CB472008B38F2 /* ComboboxController.xib in Resources */,
				D85C254D1585CEF500F83927 /* AquaBase_iPhone.storyboard in Resources */,
				D85C25501585CF0C00F83927 /* AquaBase_iPad.storyboard in Resources */,
			);
			runOnlyForDeploymentPostprocessing = 0;
		};
		D8B91981155BDCC60029B555 /* Resources */ = {
			isa = PBXResourcesBuildPhase;
			buildActionMask = 2147483647;
			files = (
				D8B9198D155BDCC60029B555 /* InfoPlist.strings in Resources */,
				D8B919B0155BE0070029B555 /* poissons-aquarium.xml in Resources */,
			);
			runOnlyForDeploymentPostprocessing = 0;
		};
/* End PBXResourcesBuildPhase section */

/* Begin PBXSourcesBuildPhase section */
		D8B91948155BDC140029B555 /* Sources */ = {
			isa = PBXSourcesBuildPhase;
			buildActionMask = 2147483647;
			files = (
				D8B9195F155BDC140029B555 /* main.m in Sources */,
				D8B91963155BDC140029B555 /* AppDelegate.m in Sources */,
				D8B91966155BDC140029B555 /* AquaBase.xcdatamodeld in Sources */,
				D8B91969155BDC140029B555 /* MasterViewController.m in Sources */,
				D8B9196C155BDC140029B555 /* DetailViewController.m in Sources */,
				D8B919C8155BE9CB0029B555 /* StreamController.m in Sources */,
				D882AFE0155C051D0029F188 /* SearchViewController.m in Sources */,
				D882AFE9155C0B180029F188 /* SearchViewControllerCell.m in Sources */,
				D80DF8C0156637E300488A0D /* SearchCriterium.m in Sources */,
				D80DF8C415663ACC00488A0D /* PredicateViewController.m in Sources */,
				D80DF8D115664CEB00488A0D /* CommonName.m in Sources */,
				D80DF8D415664D0400488A0D /* Fish.m in Sources */,
				D80DF8D715664D1C00488A0D /* GenderValues.m in Sources */,
				D80DF8DA15664D3500488A0D /* LifeValues.m in Sources */,
				D80DF8DD15664D4600488A0D /* Localization.m in Sources */,
				D80DF8E015664D5900488A0D /* Medium.m in Sources */,
				D80DF8E315664DAB00488A0D /* GenericManagedObject.m in Sources */,
				D80DF8F21566552D00488A0D /* NetworkIndicatorController.m in Sources */,
				D80DF8F31566552D00488A0D /* RoundedCornerView.m in Sources */,
				D80DF8FA156655FD00488A0D /* DataController.m in Sources */,
				D80DF8FE1566627200488A0D /* NSString+Additions.m in Sources */,
				D85F09EF15666AEB0093941F /* NSManagedObjectContext+Additions.m in Sources */,
				D85F0A281566A5330093941F /* XmlParsingOperation.m in Sources */,
				D8F7AA711567A02C00B08181 /* ResultsViewController.m in Sources */,
				D85E747B156A3389005E6ABA /* LifeValuesCell.m in Sources */,
				D85E7482156A4256005E6ABA /* LongTextCell.m in Sources */,
				D85E748E156A4840005E6ABA /* UILabel+Multiline.m in Sources */,
				D839F22E157CB44A008B38F2 /* ComboboxController.m in Sources */,
			);
			runOnlyForDeploymentPostprocessing = 0;
		};
		D8B9197F155BDCC60029B555 /* Sources */ = {
			isa = PBXSourcesBuildPhase;
			buildActionMask = 2147483647;
			files = (
				D8B919AB155BDF140029B555 /* XMLParserTest.m in Sources */,
				D8B919B1155BE0330029B555 /* AquaBase.xcdatamodeld in Sources */,
				D8B919B4155BE0D20029B555 /* AquaBaseTestsAppDelegate.m in Sources */,
				D8B919BE155BE7D70029B555 /* GHUnitIOSTestMain.m in Sources */,
				D8B919C9155BE9CB0029B555 /* StreamController.m in Sources */,
			);
			runOnlyForDeploymentPostprocessing = 0;
		};
/* End PBXSourcesBuildPhase section */

/* Begin PBXVariantGroup section */
		D80DF8E8156653D300488A0D /* Localizable.strings */ = {
			isa = PBXVariantGroup;
			children = (
				D80DF8E7156653D300488A0D /* en */,
			);
			name = Localizable.strings;
			path = Resources;
			sourceTree = "<group>";
		};
		D8B9195B155BDC140029B555 /* InfoPlist.strings */ = {
			isa = PBXVariantGroup;
			children = (
				D8B9195C155BDC140029B555 /* en */,
			);
			name = InfoPlist.strings;
			path = Resources;
			sourceTree = "<group>";
		};
		D8B9198B155BDCC60029B555 /* InfoPlist.strings */ = {
			isa = PBXVariantGroup;
			children = (
				D8B9198C155BDCC60029B555 /* en */,
			);
			name = InfoPlist.strings;
			sourceTree = "<group>";
		};
/* End PBXVariantGroup section */

/* Begin XCBuildConfiguration section */
		D8B91973155BDC140029B555 /* Debug */ = {
			isa = XCBuildConfiguration;
			buildSettings = {
				ALWAYS_SEARCH_USER_PATHS = NO;
				ARCHS = "$(ARCHS_STANDARD_32_BIT)";
				CLANG_ENABLE_OBJC_ARC = YES;
				"CODE_SIGN_IDENTITY[sdk=iphoneos*]" = "iPhone Developer";
				COPY_PHASE_STRIP = NO;
				GCC_C_LANGUAGE_STANDARD = gnu99;
				GCC_DYNAMIC_NO_PIC = NO;
				GCC_OPTIMIZATION_LEVEL = 0;
				GCC_PREPROCESSOR_DEFINITIONS = (
					"DEBUG=1",
					"$(inherited)",
				);
				GCC_SYMBOLS_PRIVATE_EXTERN = NO;
				GCC_VERSION = com.apple.compilers.llvm.clang.1_0;
				GCC_WARN_ABOUT_RETURN_TYPE = YES;
				GCC_WARN_UNINITIALIZED_AUTOS = YES;
				GCC_WARN_UNUSED_VARIABLE = YES;
				IPHONEOS_DEPLOYMENT_TARGET = 5.1;
				SDKROOT = iphoneos;
				TARGETED_DEVICE_FAMILY = 2;
			};
			name = Debug;
		};
		D8B91974155BDC140029B555 /* Release */ = {
			isa = XCBuildConfiguration;
			buildSettings = {
				ALWAYS_SEARCH_USER_PATHS = NO;
				ARCHS = "$(ARCHS_STANDARD_32_BIT)";
				CLANG_ENABLE_OBJC_ARC = YES;
				"CODE_SIGN_IDENTITY[sdk=iphoneos*]" = "iPhone Developer";
				COPY_PHASE_STRIP = YES;
				GCC_C_LANGUAGE_STANDARD = gnu99;
				GCC_VERSION = com.apple.compilers.llvm.clang.1_0;
				GCC_WARN_ABOUT_RETURN_TYPE = YES;
				GCC_WARN_UNINITIALIZED_AUTOS = YES;
				GCC_WARN_UNUSED_VARIABLE = YES;
				IPHONEOS_DEPLOYMENT_TARGET = 5.1;
				OTHER_CFLAGS = "-DNS_BLOCK_ASSERTIONS=1";
				SDKROOT = iphoneos;
				TARGETED_DEVICE_FAMILY = 2;
				VALIDATE_PRODUCT = YES;
			};
			name = Release;
		};
		D8B91976155BDC140029B555 /* Debug */ = {
			isa = XCBuildConfiguration;
			buildSettings = {
				GCC_PRECOMPILE_PREFIX_HEADER = YES;
				GCC_PREFIX_HEADER = "AquaBase/AquaBase-Prefix.pch";
				INFOPLIST_FILE = "AquaBase/AquaBase-Info.plist";
				PRODUCT_NAME = "$(TARGET_NAME)";
				TARGETED_DEVICE_FAMILY = "1,2";
				WRAPPER_EXTENSION = app;
			};
			name = Debug;
		};
		D8B91977155BDC140029B555 /* Release */ = {
			isa = XCBuildConfiguration;
			buildSettings = {
				GCC_PRECOMPILE_PREFIX_HEADER = YES;
				GCC_PREFIX_HEADER = "AquaBase/AquaBase-Prefix.pch";
				INFOPLIST_FILE = "AquaBase/AquaBase-Info.plist";
				PRODUCT_NAME = "$(TARGET_NAME)";
				TARGETED_DEVICE_FAMILY = "1,2";
				WRAPPER_EXTENSION = app;
			};
			name = Release;
		};
		D8B9199E155BDCC60029B555 /* Debug */ = {
			isa = XCBuildConfiguration;
			buildSettings = {
				"CODE_SIGN_IDENTITY[sdk=iphoneos*]" = "iPhone Developer";
				FRAMEWORK_SEARCH_PATHS = (
					"$(inherited)",
					"\"$(SRCROOT)/Libraries\"",
				);
				GCC_PRECOMPILE_PREFIX_HEADER = YES;
				GCC_PREFIX_HEADER = "AquaBase Tests/AquaBase Tests-Prefix.pch";
				INFOPLIST_FILE = "AquaBase Tests/AquaBase Tests-Info.plist";
				OTHER_LDFLAGS = (
					"-all_load",
					"-ObjC",
				);
				PRODUCT_NAME = "$(TARGET_NAME)";
				TARGETED_DEVICE_FAMILY = "1,2";
				WRAPPER_EXTENSION = app;
			};
			name = Debug;
		};
		D8B9199F155BDCC60029B555 /* Release */ = {
			isa = XCBuildConfiguration;
			buildSettings = {
				"CODE_SIGN_IDENTITY[sdk=iphoneos*]" = "iPhone Developer";
				FRAMEWORK_SEARCH_PATHS = (
					"$(inherited)",
					"\"$(SRCROOT)/Libraries\"",
				);
				GCC_PRECOMPILE_PREFIX_HEADER = YES;
				GCC_PREFIX_HEADER = "AquaBase Tests/AquaBase Tests-Prefix.pch";
				INFOPLIST_FILE = "AquaBase Tests/AquaBase Tests-Info.plist";
				OTHER_LDFLAGS = (
					"-all_load",
					"-ObjC",
				);
				PRODUCT_NAME = "$(TARGET_NAME)";
				TARGETED_DEVICE_FAMILY = "1,2";
				WRAPPER_EXTENSION = app;
			};
			name = Release;
		};
/* End XCBuildConfiguration section */

/* Begin XCConfigurationList section */
		D8B91946155BDC140029B555 /* Build configuration list for PBXProject "AquaBase" */ = {
			isa = XCConfigurationList;
			buildConfigurations = (
				D8B91973155BDC140029B555 /* Debug */,
				D8B91974155BDC140029B555 /* Release */,
			);
			defaultConfigurationIsVisible = 0;
			defaultConfigurationName = Release;
		};
		D8B91975155BDC140029B555 /* Build configuration list for PBXNativeTarget "AquaBase" */ = {
			isa = XCConfigurationList;
			buildConfigurations = (
				D8B91976155BDC140029B555 /* Debug */,
				D8B91977155BDC140029B555 /* Release */,
			);
			defaultConfigurationIsVisible = 0;
			defaultConfigurationName = Release;
		};
		D8B9199D155BDCC60029B555 /* Build configuration list for PBXNativeTarget "AquaBase Tests" */ = {
			isa = XCConfigurationList;
			buildConfigurations = (
				D8B9199E155BDCC60029B555 /* Debug */,
				D8B9199F155BDCC60029B555 /* Release */,
			);
			defaultConfigurationIsVisible = 0;
			defaultConfigurationName = Release;
		};
/* End XCConfigurationList section */

/* Begin XCVersionGroup section */
		D8B91964155BDC140029B555 /* AquaBase.xcdatamodeld */ = {
			isa = XCVersionGroup;
			children = (
				D8B91965155BDC140029B555 /* AquaBase.xcdatamodel */,
			);
			currentVersion = D8B91965155BDC140029B555 /* AquaBase.xcdatamodel */;
			path = AquaBase.xcdatamodeld;
			sourceTree = "<group>";
			versionGroupType = wrapper.xcdatamodel;
		};
/* End XCVersionGroup section */
	};
	rootObject = D8B91943155BDC140029B555 /* Project object */;
}
